// !$*UTF8*$!
{
	archiveVersion = 1;
	classes = {
	};
	objectVersion = 51;
	objects = {

/* Begin PBXBuildFile section */
		4F9D74A7F1C23A8FAE61A91C /* Pods_iOSEngineerCodeCheck.framework in Frameworks */ = {isa = PBXBuildFile; fileRef = B9B4AE69F64B553440909B7F /* Pods_iOSEngineerCodeCheck.framework */; };
		97EBC38A27BFA13800FEF062 /* UIImageViewExtension.swift in Sources */ = {isa = PBXBuildFile; fileRef = 97EBC38927BFA13800FEF062 /* UIImageViewExtension.swift */; };
		97EBC38C27BFB8D900FEF062 /* RepositorySearchMainView.swift in Sources */ = {isa = PBXBuildFile; fileRef = 97EBC38B27BFB8D900FEF062 /* RepositorySearchMainView.swift */; };
		97EBC38E27BFC0EF00FEF062 /* NavigationExtension.swift in Sources */ = {isa = PBXBuildFile; fileRef = 97EBC38D27BFC0EF00FEF062 /* NavigationExtension.swift */; };
		97EBC39027BFD80B00FEF062 /* ColorExtension.swift in Sources */ = {isa = PBXBuildFile; fileRef = 97EBC38F27BFD80B00FEF062 /* ColorExtension.swift */; };
		97EBC39327BFD91800FEF062 /* colors.json in Resources */ = {isa = PBXBuildFile; fileRef = 97EBC39227BFD91800FEF062 /* colors.json */; };
		97EBC39527BFD94500FEF062 /* LanguageColorModel.swift in Sources */ = {isa = PBXBuildFile; fileRef = 97EBC39427BFD94500FEF062 /* LanguageColorModel.swift */; };
		97EBC39927C1F50E00FEF062 /* RepositorySearchTests.swift in Sources */ = {isa = PBXBuildFile; fileRef = 97EBC39827C1F50E00FEF062 /* RepositorySearchTests.swift */; };
		97EBC39B27C20B3900FEF062 /* RepositoryDetailTests.swift in Sources */ = {isa = PBXBuildFile; fileRef = 97EBC39A27C20B3900FEF062 /* RepositoryDetailTests.swift */; };
		97EBC39F27C2620400FEF062 /* UIAlertControllerExtension.swift in Sources */ = {isa = PBXBuildFile; fileRef = 97EBC39E27C2620400FEF062 /* UIAlertControllerExtension.swift */; };
		97EC46D927BBE46E006409D7 /* APIErrorModel.swift in Sources */ = {isa = PBXBuildFile; fileRef = 97EC46D827BBE46E006409D7 /* APIErrorModel.swift */; };
		97EC46DB27BBE5E5006409D7 /* RepositoryModel.swift in Sources */ = {isa = PBXBuildFile; fileRef = 97EC46DA27BBE5E5006409D7 /* RepositoryModel.swift */; };
		97EC46E027BE6BCD006409D7 /* RepositorySearchModel.swift in Sources */ = {isa = PBXBuildFile; fileRef = 97EC46DF27BE6BCD006409D7 /* RepositorySearchModel.swift */; };
		97EC46E427BE70B5006409D7 /* RepositorySearchPresenter.swift in Sources */ = {isa = PBXBuildFile; fileRef = 97EC46E327BE70B5006409D7 /* RepositorySearchPresenter.swift */; };
		97EC46E627BF4052006409D7 /* RepositoryDetailView.swift in Sources */ = {isa = PBXBuildFile; fileRef = 97EC46E527BF4052006409D7 /* RepositoryDetailView.swift */; };
		97EC46E827BF408E006409D7 /* RepositoryDetailModel.swift in Sources */ = {isa = PBXBuildFile; fileRef = 97EC46E727BF408E006409D7 /* RepositoryDetailModel.swift */; };
		97EC46EA27BF4223006409D7 /* RepositoryDetailPresenter.swift in Sources */ = {isa = PBXBuildFile; fileRef = 97EC46E927BF4223006409D7 /* RepositoryDetailPresenter.swift */; };
		97EC46EC27BF4B6B006409D7 /* RepositoryReceiver.swift in Sources */ = {isa = PBXBuildFile; fileRef = 97EC46EB27BF4B6B006409D7 /* RepositoryReceiver.swift */; };
		A68BF2D7F467A8DB8FAFB9A8 /* Pods_iOSEngineerCodeCheck_iOSEngineerCodeCheckTests.framework in Frameworks */ = {isa = PBXBuildFile; fileRef = 1ABDDF42797E832BC607665A /* Pods_iOSEngineerCodeCheck_iOSEngineerCodeCheckTests.framework */; };
		AD590EED405A3824F8865240 /* Pods_iOSEngineerCodeCheck_iOSEngineerCodeCheckUITests.framework in Frameworks */ = {isa = PBXBuildFile; fileRef = 6211AD2C62CCFFC054ED7F0D /* Pods_iOSEngineerCodeCheck_iOSEngineerCodeCheckUITests.framework */; };
		BFD945DF244DC5E80012785A /* AppDelegate.swift in Sources */ = {isa = PBXBuildFile; fileRef = BFD945DE244DC5E80012785A /* AppDelegate.swift */; };
		BFD945E1244DC5E80012785A /* SceneDelegate.swift in Sources */ = {isa = PBXBuildFile; fileRef = BFD945E0244DC5E80012785A /* SceneDelegate.swift */; };
		BFD945E6244DC5E80012785A /* Main.storyboard in Resources */ = {isa = PBXBuildFile; fileRef = BFD945E4244DC5E80012785A /* Main.storyboard */; };
		BFD945E8244DC5EB0012785A /* Assets.xcassets in Resources */ = {isa = PBXBuildFile; fileRef = BFD945E7244DC5EB0012785A /* Assets.xcassets */; };
		BFD945EB244DC5EB0012785A /* LaunchScreen.storyboard in Resources */ = {isa = PBXBuildFile; fileRef = BFD945E9244DC5EB0012785A /* LaunchScreen.storyboard */; };
		BFD945F6244DC5EB0012785A /* iOSEngineerCodeCheckTests.swift in Sources */ = {isa = PBXBuildFile; fileRef = BFD945F5244DC5EB0012785A /* iOSEngineerCodeCheckTests.swift */; };
		BFD94601244DC5EC0012785A /* iOSEngineerCodeCheckUITests.swift in Sources */ = {isa = PBXBuildFile; fileRef = BFD94600244DC5EC0012785A /* iOSEngineerCodeCheckUITests.swift */; };
/* End PBXBuildFile section */

/* Begin PBXContainerItemProxy section */
		BFD945F2244DC5EB0012785A /* PBXContainerItemProxy */ = {
			isa = PBXContainerItemProxy;
			containerPortal = BFD945D3244DC5E80012785A /* Project object */;
			proxyType = 1;
			remoteGlobalIDString = BFD945DA244DC5E80012785A;
			remoteInfo = iOSEngineerCodeCheck;
		};
		BFD945FD244DC5EB0012785A /* PBXContainerItemProxy */ = {
			isa = PBXContainerItemProxy;
			containerPortal = BFD945D3244DC5E80012785A /* Project object */;
			proxyType = 1;
			remoteGlobalIDString = BFD945DA244DC5E80012785A;
			remoteInfo = iOSEngineerCodeCheck;
		};
/* End PBXContainerItemProxy section */

/* Begin PBXFileReference section */
		1ABDDF42797E832BC607665A /* Pods_iOSEngineerCodeCheck_iOSEngineerCodeCheckTests.framework */ = {isa = PBXFileReference; explicitFileType = wrapper.framework; includeInIndex = 0; path = Pods_iOSEngineerCodeCheck_iOSEngineerCodeCheckTests.framework; sourceTree = BUILT_PRODUCTS_DIR; };
		1F15470FDFC409E275DC42AE /* Pods-iOSEngineerCodeCheckTests.release.xcconfig */ = {isa = PBXFileReference; includeInIndex = 1; lastKnownFileType = text.xcconfig; name = "Pods-iOSEngineerCodeCheckTests.release.xcconfig"; path = "Target Support Files/Pods-iOSEngineerCodeCheckTests/Pods-iOSEngineerCodeCheckTests.release.xcconfig"; sourceTree = "<group>"; };
		47BADE60441C7E74C2F199A4 /* Pods-iOSEngineerCodeCheck-iOSEngineerCodeCheckUITests.release.xcconfig */ = {isa = PBXFileReference; includeInIndex = 1; lastKnownFileType = text.xcconfig; name = "Pods-iOSEngineerCodeCheck-iOSEngineerCodeCheckUITests.release.xcconfig"; path = "Target Support Files/Pods-iOSEngineerCodeCheck-iOSEngineerCodeCheckUITests/Pods-iOSEngineerCodeCheck-iOSEngineerCodeCheckUITests.release.xcconfig"; sourceTree = "<group>"; };
		58D5159A2E9E8E61331F1AB7 /* Pods-iOSEngineerCodeCheck-iOSEngineerCodeCheckUITests.debug.xcconfig */ = {isa = PBXFileReference; includeInIndex = 1; lastKnownFileType = text.xcconfig; name = "Pods-iOSEngineerCodeCheck-iOSEngineerCodeCheckUITests.debug.xcconfig"; path = "Target Support Files/Pods-iOSEngineerCodeCheck-iOSEngineerCodeCheckUITests/Pods-iOSEngineerCodeCheck-iOSEngineerCodeCheckUITests.debug.xcconfig"; sourceTree = "<group>"; };
		6211AD2C62CCFFC054ED7F0D /* Pods_iOSEngineerCodeCheck_iOSEngineerCodeCheckUITests.framework */ = {isa = PBXFileReference; explicitFileType = wrapper.framework; includeInIndex = 0; path = Pods_iOSEngineerCodeCheck_iOSEngineerCodeCheckUITests.framework; sourceTree = BUILT_PRODUCTS_DIR; };
		94C67CDCE99C4137ADCE508B /* Pods-iOSEngineerCodeCheck-iOSEngineerCodeCheckTests.debug.xcconfig */ = {isa = PBXFileReference; includeInIndex = 1; lastKnownFileType = text.xcconfig; name = "Pods-iOSEngineerCodeCheck-iOSEngineerCodeCheckTests.debug.xcconfig"; path = "Target Support Files/Pods-iOSEngineerCodeCheck-iOSEngineerCodeCheckTests/Pods-iOSEngineerCodeCheck-iOSEngineerCodeCheckTests.debug.xcconfig"; sourceTree = "<group>"; };
		97EBC38927BFA13800FEF062 /* UIImageViewExtension.swift */ = {isa = PBXFileReference; lastKnownFileType = sourcecode.swift; path = UIImageViewExtension.swift; sourceTree = "<group>"; };
		97EBC38B27BFB8D900FEF062 /* RepositorySearchMainView.swift */ = {isa = PBXFileReference; lastKnownFileType = sourcecode.swift; path = RepositorySearchMainView.swift; sourceTree = "<group>"; };
		97EBC38D27BFC0EF00FEF062 /* NavigationExtension.swift */ = {isa = PBXFileReference; lastKnownFileType = sourcecode.swift; path = NavigationExtension.swift; sourceTree = "<group>"; };
		97EBC38F27BFD80B00FEF062 /* ColorExtension.swift */ = {isa = PBXFileReference; lastKnownFileType = sourcecode.swift; path = ColorExtension.swift; sourceTree = "<group>"; };
		97EBC39227BFD91800FEF062 /* colors.json */ = {isa = PBXFileReference; lastKnownFileType = text.json; path = colors.json; sourceTree = "<group>"; };
		97EBC39427BFD94500FEF062 /* LanguageColorModel.swift */ = {isa = PBXFileReference; lastKnownFileType = sourcecode.swift; path = LanguageColorModel.swift; sourceTree = "<group>"; };
		97EBC39827C1F50E00FEF062 /* RepositorySearchTests.swift */ = {isa = PBXFileReference; lastKnownFileType = sourcecode.swift; path = RepositorySearchTests.swift; sourceTree = "<group>"; };
		97EBC39A27C20B3900FEF062 /* RepositoryDetailTests.swift */ = {isa = PBXFileReference; lastKnownFileType = sourcecode.swift; path = RepositoryDetailTests.swift; sourceTree = "<group>"; };
		97EBC39E27C2620400FEF062 /* UIAlertControllerExtension.swift */ = {isa = PBXFileReference; lastKnownFileType = sourcecode.swift; path = UIAlertControllerExtension.swift; sourceTree = "<group>"; };
		97EC46D827BBE46E006409D7 /* APIErrorModel.swift */ = {isa = PBXFileReference; lastKnownFileType = sourcecode.swift; path = APIErrorModel.swift; sourceTree = "<group>"; };
		97EC46DA27BBE5E5006409D7 /* RepositoryModel.swift */ = {isa = PBXFileReference; lastKnownFileType = sourcecode.swift; path = RepositoryModel.swift; sourceTree = "<group>"; };
		97EC46DF27BE6BCD006409D7 /* RepositorySearchModel.swift */ = {isa = PBXFileReference; lastKnownFileType = sourcecode.swift; path = RepositorySearchModel.swift; sourceTree = "<group>"; };
		97EC46E327BE70B5006409D7 /* RepositorySearchPresenter.swift */ = {isa = PBXFileReference; lastKnownFileType = sourcecode.swift; path = RepositorySearchPresenter.swift; sourceTree = "<group>"; };
		97EC46E527BF4052006409D7 /* RepositoryDetailView.swift */ = {isa = PBXFileReference; lastKnownFileType = sourcecode.swift; path = RepositoryDetailView.swift; sourceTree = "<group>"; };
		97EC46E727BF408E006409D7 /* RepositoryDetailModel.swift */ = {isa = PBXFileReference; lastKnownFileType = sourcecode.swift; path = RepositoryDetailModel.swift; sourceTree = "<group>"; };
		97EC46E927BF4223006409D7 /* RepositoryDetailPresenter.swift */ = {isa = PBXFileReference; lastKnownFileType = sourcecode.swift; path = RepositoryDetailPresenter.swift; sourceTree = "<group>"; };
		97EC46EB27BF4B6B006409D7 /* RepositoryReceiver.swift */ = {isa = PBXFileReference; lastKnownFileType = sourcecode.swift; path = RepositoryReceiver.swift; sourceTree = "<group>"; };
		A138C0789E0D437580536F4E /* Pods-iOSEngineerCodeCheck.release.xcconfig */ = {isa = PBXFileReference; includeInIndex = 1; lastKnownFileType = text.xcconfig; name = "Pods-iOSEngineerCodeCheck.release.xcconfig"; path = "Target Support Files/Pods-iOSEngineerCodeCheck/Pods-iOSEngineerCodeCheck.release.xcconfig"; sourceTree = "<group>"; };
		B3C0238066577E83535859D2 /* Pods-iOSEngineerCodeCheckTests.debug.xcconfig */ = {isa = PBXFileReference; includeInIndex = 1; lastKnownFileType = text.xcconfig; name = "Pods-iOSEngineerCodeCheckTests.debug.xcconfig"; path = "Target Support Files/Pods-iOSEngineerCodeCheckTests/Pods-iOSEngineerCodeCheckTests.debug.xcconfig"; sourceTree = "<group>"; };
		B9B4AE69F64B553440909B7F /* Pods_iOSEngineerCodeCheck.framework */ = {isa = PBXFileReference; explicitFileType = wrapper.framework; includeInIndex = 0; path = Pods_iOSEngineerCodeCheck.framework; sourceTree = BUILT_PRODUCTS_DIR; };
		BFD945DB244DC5E80012785A /* iOSEngineerCodeCheck.app */ = {isa = PBXFileReference; explicitFileType = wrapper.application; includeInIndex = 0; path = iOSEngineerCodeCheck.app; sourceTree = BUILT_PRODUCTS_DIR; };
		BFD945DE244DC5E80012785A /* AppDelegate.swift */ = {isa = PBXFileReference; lastKnownFileType = sourcecode.swift; path = AppDelegate.swift; sourceTree = "<group>"; };
		BFD945E0244DC5E80012785A /* SceneDelegate.swift */ = {isa = PBXFileReference; lastKnownFileType = sourcecode.swift; path = SceneDelegate.swift; sourceTree = "<group>"; };
		BFD945E5244DC5E80012785A /* Base */ = {isa = PBXFileReference; lastKnownFileType = file.storyboard; name = Base; path = Base.lproj/Main.storyboard; sourceTree = "<group>"; };
		BFD945E7244DC5EB0012785A /* Assets.xcassets */ = {isa = PBXFileReference; lastKnownFileType = folder.assetcatalog; path = Assets.xcassets; sourceTree = "<group>"; };
		BFD945EA244DC5EB0012785A /* Base */ = {isa = PBXFileReference; lastKnownFileType = file.storyboard; name = Base; path = Base.lproj/LaunchScreen.storyboard; sourceTree = "<group>"; };
		BFD945EC244DC5EB0012785A /* Info.plist */ = {isa = PBXFileReference; lastKnownFileType = text.plist.xml; path = Info.plist; sourceTree = "<group>"; };
		BFD945F1244DC5EB0012785A /* iOSEngineerCodeCheckTests.xctest */ = {isa = PBXFileReference; explicitFileType = wrapper.cfbundle; includeInIndex = 0; path = iOSEngineerCodeCheckTests.xctest; sourceTree = BUILT_PRODUCTS_DIR; };
		BFD945F5244DC5EB0012785A /* iOSEngineerCodeCheckTests.swift */ = {isa = PBXFileReference; lastKnownFileType = sourcecode.swift; path = iOSEngineerCodeCheckTests.swift; sourceTree = "<group>"; };
		BFD945F7244DC5EB0012785A /* Info.plist */ = {isa = PBXFileReference; lastKnownFileType = text.plist.xml; path = Info.plist; sourceTree = "<group>"; };
		BFD945FC244DC5EB0012785A /* iOSEngineerCodeCheckUITests.xctest */ = {isa = PBXFileReference; explicitFileType = wrapper.cfbundle; includeInIndex = 0; path = iOSEngineerCodeCheckUITests.xctest; sourceTree = BUILT_PRODUCTS_DIR; };
		BFD94600244DC5EC0012785A /* iOSEngineerCodeCheckUITests.swift */ = {isa = PBXFileReference; lastKnownFileType = sourcecode.swift; path = iOSEngineerCodeCheckUITests.swift; sourceTree = "<group>"; };
		BFD94602244DC5EC0012785A /* Info.plist */ = {isa = PBXFileReference; lastKnownFileType = text.plist.xml; path = Info.plist; sourceTree = "<group>"; };
		EDF1B6AE4489F0F4CDBE5A73 /* Pods-iOSEngineerCodeCheck-iOSEngineerCodeCheckTests.release.xcconfig */ = {isa = PBXFileReference; includeInIndex = 1; lastKnownFileType = text.xcconfig; name = "Pods-iOSEngineerCodeCheck-iOSEngineerCodeCheckTests.release.xcconfig"; path = "Target Support Files/Pods-iOSEngineerCodeCheck-iOSEngineerCodeCheckTests/Pods-iOSEngineerCodeCheck-iOSEngineerCodeCheckTests.release.xcconfig"; sourceTree = "<group>"; };
		FE572FB0BD3520EF3B5E8ECC /* Pods-iOSEngineerCodeCheck.debug.xcconfig */ = {isa = PBXFileReference; includeInIndex = 1; lastKnownFileType = text.xcconfig; name = "Pods-iOSEngineerCodeCheck.debug.xcconfig"; path = "Target Support Files/Pods-iOSEngineerCodeCheck/Pods-iOSEngineerCodeCheck.debug.xcconfig"; sourceTree = "<group>"; };
/* End PBXFileReference section */

/* Begin PBXFrameworksBuildPhase section */
		BFD945D8244DC5E80012785A /* Frameworks */ = {
			isa = PBXFrameworksBuildPhase;
			buildActionMask = 2147483647;
			files = (
				4F9D74A7F1C23A8FAE61A91C /* Pods_iOSEngineerCodeCheck.framework in Frameworks */,
			);
			runOnlyForDeploymentPostprocessing = 0;
		};
		BFD945EE244DC5EB0012785A /* Frameworks */ = {
			isa = PBXFrameworksBuildPhase;
			buildActionMask = 2147483647;
			files = (
				A68BF2D7F467A8DB8FAFB9A8 /* Pods_iOSEngineerCodeCheck_iOSEngineerCodeCheckTests.framework in Frameworks */,
			);
			runOnlyForDeploymentPostprocessing = 0;
		};
		BFD945F9244DC5EB0012785A /* Frameworks */ = {
			isa = PBXFrameworksBuildPhase;
			buildActionMask = 2147483647;
			files = (
				AD590EED405A3824F8865240 /* Pods_iOSEngineerCodeCheck_iOSEngineerCodeCheckUITests.framework in Frameworks */,
			);
			runOnlyForDeploymentPostprocessing = 0;
		};
/* End PBXFrameworksBuildPhase section */

/* Begin PBXGroup section */
		2CDBF3BE0B38C1D6D664B4D7 /* Frameworks */ = {
			isa = PBXGroup;
			children = (
				B9B4AE69F64B553440909B7F /* Pods_iOSEngineerCodeCheck.framework */,
				6211AD2C62CCFFC054ED7F0D /* Pods_iOSEngineerCodeCheck_iOSEngineerCodeCheckUITests.framework */,
				1ABDDF42797E832BC607665A /* Pods_iOSEngineerCodeCheck_iOSEngineerCodeCheckTests.framework */,
			);
			name = Frameworks;
			sourceTree = "<group>";
		};
		81F14A7FF223E8E0D5988C3D /* Pods */ = {
			isa = PBXGroup;
			children = (
				FE572FB0BD3520EF3B5E8ECC /* Pods-iOSEngineerCodeCheck.debug.xcconfig */,
				A138C0789E0D437580536F4E /* Pods-iOSEngineerCodeCheck.release.xcconfig */,
				58D5159A2E9E8E61331F1AB7 /* Pods-iOSEngineerCodeCheck-iOSEngineerCodeCheckUITests.debug.xcconfig */,
				47BADE60441C7E74C2F199A4 /* Pods-iOSEngineerCodeCheck-iOSEngineerCodeCheckUITests.release.xcconfig */,
				B3C0238066577E83535859D2 /* Pods-iOSEngineerCodeCheckTests.debug.xcconfig */,
				1F15470FDFC409E275DC42AE /* Pods-iOSEngineerCodeCheckTests.release.xcconfig */,
				94C67CDCE99C4137ADCE508B /* Pods-iOSEngineerCodeCheck-iOSEngineerCodeCheckTests.debug.xcconfig */,
				EDF1B6AE4489F0F4CDBE5A73 /* Pods-iOSEngineerCodeCheck-iOSEngineerCodeCheckTests.release.xcconfig */,
			);
			path = Pods;
			sourceTree = "<group>";
		};
		97EBC38827BFA11400FEF062 /* Extension */ = {
			isa = PBXGroup;
			children = (
				97EBC39E27C2620400FEF062 /* UIAlertControllerExtension.swift */,
				97EBC38927BFA13800FEF062 /* UIImageViewExtension.swift */,
				97EBC38D27BFC0EF00FEF062 /* NavigationExtension.swift */,
				97EBC38F27BFD80B00FEF062 /* ColorExtension.swift */,
			);
			path = Extension;
			sourceTree = "<group>";
		};
		97EBC39127BFD8D500FEF062 /* Resources */ = {
			isa = PBXGroup;
			children = (
				97EBC39227BFD91800FEF062 /* colors.json */,
			);
			path = Resources;
			sourceTree = "<group>";
		};
		97EC46DC27BE6B75006409D7 /* Model */ = {
			isa = PBXGroup;
			children = (
				97EC46DF27BE6BCD006409D7 /* RepositorySearchModel.swift */,
				97EC46E727BF408E006409D7 /* RepositoryDetailModel.swift */,
				97EC46D827BBE46E006409D7 /* APIErrorModel.swift */,
				97EC46DA27BBE5E5006409D7 /* RepositoryModel.swift */,
				97EBC39427BFD94500FEF062 /* LanguageColorModel.swift */,
			);
			path = Model;
			sourceTree = "<group>";
		};
		97EC46DD27BE6B7E006409D7 /* View */ = {
			isa = PBXGroup;
			children = (
				97EBC38B27BFB8D900FEF062 /* RepositorySearchMainView.swift */,
				97EC46E527BF4052006409D7 /* RepositoryDetailView.swift */,
			);
			path = View;
			sourceTree = "<group>";
		};
		97EC46DE27BE6B88006409D7 /* Presenter */ = {
			isa = PBXGroup;
			children = (
				97EC46E327BE70B5006409D7 /* RepositorySearchPresenter.swift */,
				97EC46E927BF4223006409D7 /* RepositoryDetailPresenter.swift */,
				97EC46EB27BF4B6B006409D7 /* RepositoryReceiver.swift */,
			);
			path = Presenter;
			sourceTree = "<group>";
		};
		BFD945D2244DC5E80012785A = {
			isa = PBXGroup;
			children = (
				BFD945DD244DC5E80012785A /* iOSEngineerCodeCheck */,
				BFD945F4244DC5EB0012785A /* iOSEngineerCodeCheckTests */,
				BFD945FF244DC5EB0012785A /* iOSEngineerCodeCheckUITests */,
				BFD945DC244DC5E80012785A /* Products */,
				81F14A7FF223E8E0D5988C3D /* Pods */,
				2CDBF3BE0B38C1D6D664B4D7 /* Frameworks */,
			);
			sourceTree = "<group>";
		};
		BFD945DC244DC5E80012785A /* Products */ = {
			isa = PBXGroup;
			children = (
				BFD945DB244DC5E80012785A /* iOSEngineerCodeCheck.app */,
				BFD945F1244DC5EB0012785A /* iOSEngineerCodeCheckTests.xctest */,
				BFD945FC244DC5EB0012785A /* iOSEngineerCodeCheckUITests.xctest */,
			);
			name = Products;
			sourceTree = "<group>";
		};
		BFD945DD244DC5E80012785A /* iOSEngineerCodeCheck */ = {
			isa = PBXGroup;
			children = (
				97EBC39127BFD8D500FEF062 /* Resources */,
				97EBC38827BFA11400FEF062 /* Extension */,
				97EC46DE27BE6B88006409D7 /* Presenter */,
				97EC46DD27BE6B7E006409D7 /* View */,
				97EC46DC27BE6B75006409D7 /* Model */,
				BFD945DE244DC5E80012785A /* AppDelegate.swift */,
				BFD945E0244DC5E80012785A /* SceneDelegate.swift */,
				BFD945E4244DC5E80012785A /* Main.storyboard */,
				BFD945E7244DC5EB0012785A /* Assets.xcassets */,
				BFD945E9244DC5EB0012785A /* LaunchScreen.storyboard */,
				BFD945EC244DC5EB0012785A /* Info.plist */,
			);
			path = iOSEngineerCodeCheck;
			sourceTree = "<group>";
		};
		BFD945F4244DC5EB0012785A /* iOSEngineerCodeCheckTests */ = {
			isa = PBXGroup;
			children = (
				BFD945F5244DC5EB0012785A /* iOSEngineerCodeCheckTests.swift */,
				97EBC39827C1F50E00FEF062 /* RepositorySearchTests.swift */,
				97EBC39A27C20B3900FEF062 /* RepositoryDetailTests.swift */,
				BFD945F7244DC5EB0012785A /* Info.plist */,
			);
			path = iOSEngineerCodeCheckTests;
			sourceTree = "<group>";
		};
		BFD945FF244DC5EB0012785A /* iOSEngineerCodeCheckUITests */ = {
			isa = PBXGroup;
			children = (
				BFD94600244DC5EC0012785A /* iOSEngineerCodeCheckUITests.swift */,
				BFD94602244DC5EC0012785A /* Info.plist */,
			);
			path = iOSEngineerCodeCheckUITests;
			sourceTree = "<group>";
		};
/* End PBXGroup section */

/* Begin PBXNativeTarget section */
		BFD945DA244DC5E80012785A /* iOSEngineerCodeCheck */ = {
			isa = PBXNativeTarget;
			buildConfigurationList = BFD94605244DC5EC0012785A /* Build configuration list for PBXNativeTarget "iOSEngineerCodeCheck" */;
			buildPhases = (
				3D4E7E08AFEF13E9A597207B /* [CP] Check Pods Manifest.lock */,
				BFD945D7244DC5E80012785A /* Sources */,
				BFD945D8244DC5E80012785A /* Frameworks */,
				BFD945D9244DC5E80012785A /* Resources */,
				97EC46D527BB6B5B006409D7 /* Run Swift Lint Script */,
				5527334E50023CFDFA136352 /* [CP] Embed Pods Frameworks */,
			);
			buildRules = (
			);
			dependencies = (
			);
			name = iOSEngineerCodeCheck;
			productName = iOSEngineerCodeCheck;
			productReference = BFD945DB244DC5E80012785A /* iOSEngineerCodeCheck.app */;
			productType = "com.apple.product-type.application";
		};
		BFD945F0244DC5EB0012785A /* iOSEngineerCodeCheckTests */ = {
			isa = PBXNativeTarget;
			buildConfigurationList = BFD94608244DC5EC0012785A /* Build configuration list for PBXNativeTarget "iOSEngineerCodeCheckTests" */;
			buildPhases = (
				21984E319E7773D5B178774A /* [CP] Check Pods Manifest.lock */,
				BFD945ED244DC5EB0012785A /* Sources */,
				BFD945EE244DC5EB0012785A /* Frameworks */,
				BFD945EF244DC5EB0012785A /* Resources */,
				9B8EEC526BE66657A9DB7178 /* [CP] Embed Pods Frameworks */,
			);
			buildRules = (
			);
			dependencies = (
				BFD945F3244DC5EB0012785A /* PBXTargetDependency */,
			);
			name = iOSEngineerCodeCheckTests;
			productName = iOSEngineerCodeCheckTests;
			productReference = BFD945F1244DC5EB0012785A /* iOSEngineerCodeCheckTests.xctest */;
			productType = "com.apple.product-type.bundle.unit-test";
		};
		BFD945FB244DC5EB0012785A /* iOSEngineerCodeCheckUITests */ = {
			isa = PBXNativeTarget;
			buildConfigurationList = BFD9460B244DC5EC0012785A /* Build configuration list for PBXNativeTarget "iOSEngineerCodeCheckUITests" */;
			buildPhases = (
				A80B357241B4FA0E209E7947 /* [CP] Check Pods Manifest.lock */,
				BFD945F8244DC5EB0012785A /* Sources */,
				BFD945F9244DC5EB0012785A /* Frameworks */,
				BFD945FA244DC5EB0012785A /* Resources */,
				408131C8C3A9373545572E27 /* [CP] Embed Pods Frameworks */,
			);
			buildRules = (
			);
			dependencies = (
				BFD945FE244DC5EB0012785A /* PBXTargetDependency */,
			);
			name = iOSEngineerCodeCheckUITests;
			productName = iOSEngineerCodeCheckUITests;
			productReference = BFD945FC244DC5EB0012785A /* iOSEngineerCodeCheckUITests.xctest */;
			productType = "com.apple.product-type.bundle.ui-testing";
		};
/* End PBXNativeTarget section */

/* Begin PBXProject section */
		BFD945D3244DC5E80012785A /* Project object */ = {
			isa = PBXProject;
			attributes = {
				LastSwiftUpdateCheck = 1300;
				LastUpgradeCheck = 1300;
				ORGANIZATIONNAME = "YUMEMI Inc.";
				TargetAttributes = {
					BFD945DA244DC5E80012785A = {
						CreatedOnToolsVersion = 11.4.1;
					};
					BFD945F0244DC5EB0012785A = {
						CreatedOnToolsVersion = 11.4.1;
						TestTargetID = BFD945DA244DC5E80012785A;
					};
					BFD945FB244DC5EB0012785A = {
						CreatedOnToolsVersion = 11.4.1;
						TestTargetID = BFD945DA244DC5E80012785A;
					};
				};
			};
			buildConfigurationList = BFD945D6244DC5E80012785A /* Build configuration list for PBXProject "iOSEngineerCodeCheck" */;
			compatibilityVersion = "Xcode 9.3";
			developmentRegion = en;
			hasScannedForEncodings = 0;
			knownRegions = (
				en,
				Base,
			);
			mainGroup = BFD945D2244DC5E80012785A;
			productRefGroup = BFD945DC244DC5E80012785A /* Products */;
			projectDirPath = "";
			projectRoot = "";
			targets = (
				BFD945DA244DC5E80012785A /* iOSEngineerCodeCheck */,
				BFD945F0244DC5EB0012785A /* iOSEngineerCodeCheckTests */,
				BFD945FB244DC5EB0012785A /* iOSEngineerCodeCheckUITests */,
			);
		};
/* End PBXProject section */

/* Begin PBXResourcesBuildPhase section */
		BFD945D9244DC5E80012785A /* Resources */ = {
			isa = PBXResourcesBuildPhase;
			buildActionMask = 2147483647;
			files = (
				BFD945EB244DC5EB0012785A /* LaunchScreen.storyboard in Resources */,
				97EBC39327BFD91800FEF062 /* colors.json in Resources */,
				BFD945E8244DC5EB0012785A /* Assets.xcassets in Resources */,
				BFD945E6244DC5E80012785A /* Main.storyboard in Resources */,
			);
			runOnlyForDeploymentPostprocessing = 0;
		};
		BFD945EF244DC5EB0012785A /* Resources */ = {
			isa = PBXResourcesBuildPhase;
			buildActionMask = 2147483647;
			files = (
			);
			runOnlyForDeploymentPostprocessing = 0;
		};
		BFD945FA244DC5EB0012785A /* Resources */ = {
			isa = PBXResourcesBuildPhase;
			buildActionMask = 2147483647;
			files = (
			);
			runOnlyForDeploymentPostprocessing = 0;
		};
/* End PBXResourcesBuildPhase section */

/* Begin PBXShellScriptBuildPhase section */
		21984E319E7773D5B178774A /* [CP] Check Pods Manifest.lock */ = {
			isa = PBXShellScriptBuildPhase;
			buildActionMask = 2147483647;
			files = (
			);
			inputFileListPaths = (
			);
			inputPaths = (
				"${PODS_PODFILE_DIR_PATH}/Podfile.lock",
				"${PODS_ROOT}/Manifest.lock",
			);
			name = "[CP] Check Pods Manifest.lock";
			outputFileListPaths = (
			);
			outputPaths = (
				"$(DERIVED_FILE_DIR)/Pods-iOSEngineerCodeCheck-iOSEngineerCodeCheckTests-checkManifestLockResult.txt",
			);
			runOnlyForDeploymentPostprocessing = 0;
			shellPath = /bin/sh;
			shellScript = "diff \"${PODS_PODFILE_DIR_PATH}/Podfile.lock\" \"${PODS_ROOT}/Manifest.lock\" > /dev/null\nif [ $? != 0 ] ; then\n    # print error to STDERR\n    echo \"error: The sandbox is not in sync with the Podfile.lock. Run 'pod install' or update your CocoaPods installation.\" >&2\n    exit 1\nfi\n# This output is used by Xcode 'outputs' to avoid re-running this script phase.\necho \"SUCCESS\" > \"${SCRIPT_OUTPUT_FILE_0}\"\n";
			showEnvVarsInLog = 0;
		};
		3D4E7E08AFEF13E9A597207B /* [CP] Check Pods Manifest.lock */ = {
			isa = PBXShellScriptBuildPhase;
			buildActionMask = 2147483647;
			files = (
			);
			inputFileListPaths = (
			);
			inputPaths = (
				"${PODS_PODFILE_DIR_PATH}/Podfile.lock",
				"${PODS_ROOT}/Manifest.lock",
			);
			name = "[CP] Check Pods Manifest.lock";
			outputFileListPaths = (
			);
			outputPaths = (
				"$(DERIVED_FILE_DIR)/Pods-iOSEngineerCodeCheck-checkManifestLockResult.txt",
			);
			runOnlyForDeploymentPostprocessing = 0;
			shellPath = /bin/sh;
			shellScript = "diff \"${PODS_PODFILE_DIR_PATH}/Podfile.lock\" \"${PODS_ROOT}/Manifest.lock\" > /dev/null\nif [ $? != 0 ] ; then\n    # print error to STDERR\n    echo \"error: The sandbox is not in sync with the Podfile.lock. Run 'pod install' or update your CocoaPods installation.\" >&2\n    exit 1\nfi\n# This output is used by Xcode 'outputs' to avoid re-running this script phase.\necho \"SUCCESS\" > \"${SCRIPT_OUTPUT_FILE_0}\"\n";
			showEnvVarsInLog = 0;
		};
		408131C8C3A9373545572E27 /* [CP] Embed Pods Frameworks */ = {
			isa = PBXShellScriptBuildPhase;
			buildActionMask = 2147483647;
			files = (
			);
			inputFileListPaths = (
				"${PODS_ROOT}/Target Support Files/Pods-iOSEngineerCodeCheck-iOSEngineerCodeCheckUITests/Pods-iOSEngineerCodeCheck-iOSEngineerCodeCheckUITests-frameworks-${CONFIGURATION}-input-files.xcfilelist",
			);
			name = "[CP] Embed Pods Frameworks";
			outputFileListPaths = (
				"${PODS_ROOT}/Target Support Files/Pods-iOSEngineerCodeCheck-iOSEngineerCodeCheckUITests/Pods-iOSEngineerCodeCheck-iOSEngineerCodeCheckUITests-frameworks-${CONFIGURATION}-output-files.xcfilelist",
			);
			runOnlyForDeploymentPostprocessing = 0;
			shellPath = /bin/sh;
			shellScript = "\"${PODS_ROOT}/Target Support Files/Pods-iOSEngineerCodeCheck-iOSEngineerCodeCheckUITests/Pods-iOSEngineerCodeCheck-iOSEngineerCodeCheckUITests-frameworks.sh\"\n";
			showEnvVarsInLog = 0;
		};
		5527334E50023CFDFA136352 /* [CP] Embed Pods Frameworks */ = {
			isa = PBXShellScriptBuildPhase;
			buildActionMask = 2147483647;
			files = (
			);
			inputFileListPaths = (
				"${PODS_ROOT}/Target Support Files/Pods-iOSEngineerCodeCheck/Pods-iOSEngineerCodeCheck-frameworks-${CONFIGURATION}-input-files.xcfilelist",
			);
			name = "[CP] Embed Pods Frameworks";
			outputFileListPaths = (
				"${PODS_ROOT}/Target Support Files/Pods-iOSEngineerCodeCheck/Pods-iOSEngineerCodeCheck-frameworks-${CONFIGURATION}-output-files.xcfilelist",
			);
			runOnlyForDeploymentPostprocessing = 0;
			shellPath = /bin/sh;
			shellScript = "\"${PODS_ROOT}/Target Support Files/Pods-iOSEngineerCodeCheck/Pods-iOSEngineerCodeCheck-frameworks.sh\"\n";
			showEnvVarsInLog = 0;
		};
		97EC46D527BB6B5B006409D7 /* Run Swift Lint Script */ = {
			isa = PBXShellScriptBuildPhase;
			buildActionMask = 12;
			files = (
			);
			inputFileListPaths = (
			);
			inputPaths = (
			);
			name = "Run Swift Lint Script";
			outputFileListPaths = (
			);
			outputPaths = (
			);
			runOnlyForDeploymentPostprocessing = 0;
			shellPath = /bin/sh;
			shellScript = "if test -d /opt/homebrew/bin; then\n    PATH=/opt/homebrew/bin/:$PATH\nfi\nif which swiftlint >/dev/null; then\n  swiftlint\nelse\n  echo \"SwiftLint does not exist, download from https://github.com/realm/SwiftLint\"\nfi\n";
		};
		9B8EEC526BE66657A9DB7178 /* [CP] Embed Pods Frameworks */ = {
			isa = PBXShellScriptBuildPhase;
			buildActionMask = 2147483647;
			files = (
			);
			inputFileListPaths = (
				"${PODS_ROOT}/Target Support Files/Pods-iOSEngineerCodeCheck-iOSEngineerCodeCheckTests/Pods-iOSEngineerCodeCheck-iOSEngineerCodeCheckTests-frameworks-${CONFIGURATION}-input-files.xcfilelist",
			);
			name = "[CP] Embed Pods Frameworks";
			outputFileListPaths = (
				"${PODS_ROOT}/Target Support Files/Pods-iOSEngineerCodeCheck-iOSEngineerCodeCheckTests/Pods-iOSEngineerCodeCheck-iOSEngineerCodeCheckTests-frameworks-${CONFIGURATION}-output-files.xcfilelist",
			);
			runOnlyForDeploymentPostprocessing = 0;
			shellPath = /bin/sh;
			shellScript = "\"${PODS_ROOT}/Target Support Files/Pods-iOSEngineerCodeCheck-iOSEngineerCodeCheckTests/Pods-iOSEngineerCodeCheck-iOSEngineerCodeCheckTests-frameworks.sh\"\n";
			showEnvVarsInLog = 0;
		};
		A80B357241B4FA0E209E7947 /* [CP] Check Pods Manifest.lock */ = {
			isa = PBXShellScriptBuildPhase;
			buildActionMask = 2147483647;
			files = (
			);
			inputFileListPaths = (
			);
			inputPaths = (
				"${PODS_PODFILE_DIR_PATH}/Podfile.lock",
				"${PODS_ROOT}/Manifest.lock",
			);
			name = "[CP] Check Pods Manifest.lock";
			outputFileListPaths = (
			);
			outputPaths = (
				"$(DERIVED_FILE_DIR)/Pods-iOSEngineerCodeCheck-iOSEngineerCodeCheckUITests-checkManifestLockResult.txt",
			);
			runOnlyForDeploymentPostprocessing = 0;
			shellPath = /bin/sh;
			shellScript = "diff \"${PODS_PODFILE_DIR_PATH}/Podfile.lock\" \"${PODS_ROOT}/Manifest.lock\" > /dev/null\nif [ $? != 0 ] ; then\n    # print error to STDERR\n    echo \"error: The sandbox is not in sync with the Podfile.lock. Run 'pod install' or update your CocoaPods installation.\" >&2\n    exit 1\nfi\n# This output is used by Xcode 'outputs' to avoid re-running this script phase.\necho \"SUCCESS\" > \"${SCRIPT_OUTPUT_FILE_0}\"\n";
			showEnvVarsInLog = 0;
		};
/* End PBXShellScriptBuildPhase section */

/* Begin PBXSourcesBuildPhase section */
		BFD945D7244DC5E80012785A /* Sources */ = {
			isa = PBXSourcesBuildPhase;
			buildActionMask = 2147483647;
			files = (
				97EC46E427BE70B5006409D7 /* RepositorySearchPresenter.swift in Sources */,
				97EC46EA27BF4223006409D7 /* RepositoryDetailPresenter.swift in Sources */,
				97EBC39527BFD94500FEF062 /* LanguageColorModel.swift in Sources */,
				97EBC38C27BFB8D900FEF062 /* RepositorySearchMainView.swift in Sources */,
				97EBC39F27C2620400FEF062 /* UIAlertControllerExtension.swift in Sources */,
				97EBC38A27BFA13800FEF062 /* UIImageViewExtension.swift in Sources */,
				97EC46D927BBE46E006409D7 /* APIErrorModel.swift in Sources */,
				97EBC39027BFD80B00FEF062 /* ColorExtension.swift in Sources */,
				97EC46E027BE6BCD006409D7 /* RepositorySearchModel.swift in Sources */,
				97EC46DB27BBE5E5006409D7 /* RepositoryModel.swift in Sources */,
				97EC46EC27BF4B6B006409D7 /* RepositoryReceiver.swift in Sources */,
				97EBC38E27BFC0EF00FEF062 /* NavigationExtension.swift in Sources */,
				97EC46E827BF408E006409D7 /* RepositoryDetailModel.swift in Sources */,
				BFD945DF244DC5E80012785A /* AppDelegate.swift in Sources */,
				97EC46E627BF4052006409D7 /* RepositoryDetailView.swift in Sources */,
				BFD945E1244DC5E80012785A /* SceneDelegate.swift in Sources */,
			);
			runOnlyForDeploymentPostprocessing = 0;
		};
		BFD945ED244DC5EB0012785A /* Sources */ = {
			isa = PBXSourcesBuildPhase;
			buildActionMask = 2147483647;
			files = (
				BFD945F6244DC5EB0012785A /* iOSEngineerCodeCheckTests.swift in Sources */,
				97EBC39927C1F50E00FEF062 /* RepositorySearchTests.swift in Sources */,
				97EBC39B27C20B3900FEF062 /* RepositoryDetailTests.swift in Sources */,
			);
			runOnlyForDeploymentPostprocessing = 0;
		};
		BFD945F8244DC5EB0012785A /* Sources */ = {
			isa = PBXSourcesBuildPhase;
			buildActionMask = 2147483647;
			files = (
				BFD94601244DC5EC0012785A /* iOSEngineerCodeCheckUITests.swift in Sources */,
			);
			runOnlyForDeploymentPostprocessing = 0;
		};
/* End PBXSourcesBuildPhase section */

/* Begin PBXTargetDependency section */
		BFD945F3244DC5EB0012785A /* PBXTargetDependency */ = {
			isa = PBXTargetDependency;
			target = BFD945DA244DC5E80012785A /* iOSEngineerCodeCheck */;
			targetProxy = BFD945F2244DC5EB0012785A /* PBXContainerItemProxy */;
		};
		BFD945FE244DC5EB0012785A /* PBXTargetDependency */ = {
			isa = PBXTargetDependency;
			target = BFD945DA244DC5E80012785A /* iOSEngineerCodeCheck */;
			targetProxy = BFD945FD244DC5EB0012785A /* PBXContainerItemProxy */;
		};
/* End PBXTargetDependency section */

/* Begin PBXVariantGroup section */
		BFD945E4244DC5E80012785A /* Main.storyboard */ = {
			isa = PBXVariantGroup;
			children = (
				BFD945E5244DC5E80012785A /* Base */,
			);
			name = Main.storyboard;
			sourceTree = "<group>";
		};
		BFD945E9244DC5EB0012785A /* LaunchScreen.storyboard */ = {
			isa = PBXVariantGroup;
			children = (
				BFD945EA244DC5EB0012785A /* Base */,
			);
			name = LaunchScreen.storyboard;
			sourceTree = "<group>";
		};
/* End PBXVariantGroup section */

/* Begin XCBuildConfiguration section */
		BFD94603244DC5EC0012785A /* Debug */ = {
			isa = XCBuildConfiguration;
			buildSettings = {
				ALWAYS_SEARCH_USER_PATHS = NO;
				CLANG_ANALYZER_NONNULL = YES;
				CLANG_ANALYZER_NUMBER_OBJECT_CONVERSION = YES_AGGRESSIVE;
				CLANG_CXX_LANGUAGE_STANDARD = "gnu++14";
				CLANG_CXX_LIBRARY = "libc++";
				CLANG_ENABLE_MODULES = YES;
				CLANG_ENABLE_OBJC_ARC = YES;
				CLANG_ENABLE_OBJC_WEAK = YES;
				CLANG_WARN_BLOCK_CAPTURE_AUTORELEASING = YES;
				CLANG_WARN_BOOL_CONVERSION = YES;
				CLANG_WARN_COMMA = YES;
				CLANG_WARN_CONSTANT_CONVERSION = YES;
				CLANG_WARN_DEPRECATED_OBJC_IMPLEMENTATIONS = YES;
				CLANG_WARN_DIRECT_OBJC_ISA_USAGE = YES_ERROR;
				CLANG_WARN_DOCUMENTATION_COMMENTS = YES;
				CLANG_WARN_EMPTY_BODY = YES;
				CLANG_WARN_ENUM_CONVERSION = YES;
				CLANG_WARN_INFINITE_RECURSION = YES;
				CLANG_WARN_INT_CONVERSION = YES;
				CLANG_WARN_NON_LITERAL_NULL_CONVERSION = YES;
				CLANG_WARN_OBJC_IMPLICIT_RETAIN_SELF = YES;
				CLANG_WARN_OBJC_LITERAL_CONVERSION = YES;
				CLANG_WARN_OBJC_ROOT_CLASS = YES_ERROR;
				CLANG_WARN_QUOTED_INCLUDE_IN_FRAMEWORK_HEADER = YES;
				CLANG_WARN_RANGE_LOOP_ANALYSIS = YES;
				CLANG_WARN_STRICT_PROTOTYPES = YES;
				CLANG_WARN_SUSPICIOUS_MOVE = YES;
				CLANG_WARN_UNGUARDED_AVAILABILITY = YES_AGGRESSIVE;
				CLANG_WARN_UNREACHABLE_CODE = YES;
				CLANG_WARN__DUPLICATE_METHOD_MATCH = YES;
				COPY_PHASE_STRIP = NO;
				DEBUG_INFORMATION_FORMAT = dwarf;
				ENABLE_STRICT_OBJC_MSGSEND = YES;
				ENABLE_TESTABILITY = YES;
				GCC_C_LANGUAGE_STANDARD = gnu11;
				GCC_DYNAMIC_NO_PIC = NO;
				GCC_NO_COMMON_BLOCKS = YES;
				GCC_OPTIMIZATION_LEVEL = 0;
				GCC_PREPROCESSOR_DEFINITIONS = (
					"DEBUG=1",
					"$(inherited)",
				);
				GCC_WARN_64_TO_32_BIT_CONVERSION = YES;
				GCC_WARN_ABOUT_RETURN_TYPE = YES_ERROR;
				GCC_WARN_UNDECLARED_SELECTOR = YES;
				GCC_WARN_UNINITIALIZED_AUTOS = YES_AGGRESSIVE;
				GCC_WARN_UNUSED_FUNCTION = YES;
				GCC_WARN_UNUSED_VARIABLE = YES;
				IPHONEOS_DEPLOYMENT_TARGET = 15.0;
				MTL_ENABLE_DEBUG_INFO = INCLUDE_SOURCE;
				MTL_FAST_MATH = YES;
				ONLY_ACTIVE_ARCH = YES;
				SDKROOT = iphoneos;
				SWIFT_ACTIVE_COMPILATION_CONDITIONS = DEBUG;
				SWIFT_OPTIMIZATION_LEVEL = "-Onone";
			};
			name = Debug;
		};
		BFD94604244DC5EC0012785A /* Release */ = {
			isa = XCBuildConfiguration;
			buildSettings = {
				ALWAYS_SEARCH_USER_PATHS = NO;
				CLANG_ANALYZER_NONNULL = YES;
				CLANG_ANALYZER_NUMBER_OBJECT_CONVERSION = YES_AGGRESSIVE;
				CLANG_CXX_LANGUAGE_STANDARD = "gnu++14";
				CLANG_CXX_LIBRARY = "libc++";
				CLANG_ENABLE_MODULES = YES;
				CLANG_ENABLE_OBJC_ARC = YES;
				CLANG_ENABLE_OBJC_WEAK = YES;
				CLANG_WARN_BLOCK_CAPTURE_AUTORELEASING = YES;
				CLANG_WARN_BOOL_CONVERSION = YES;
				CLANG_WARN_COMMA = YES;
				CLANG_WARN_CONSTANT_CONVERSION = YES;
				CLANG_WARN_DEPRECATED_OBJC_IMPLEMENTATIONS = YES;
				CLANG_WARN_DIRECT_OBJC_ISA_USAGE = YES_ERROR;
				CLANG_WARN_DOCUMENTATION_COMMENTS = YES;
				CLANG_WARN_EMPTY_BODY = YES;
				CLANG_WARN_ENUM_CONVERSION = YES;
				CLANG_WARN_INFINITE_RECURSION = YES;
				CLANG_WARN_INT_CONVERSION = YES;
				CLANG_WARN_NON_LITERAL_NULL_CONVERSION = YES;
				CLANG_WARN_OBJC_IMPLICIT_RETAIN_SELF = YES;
				CLANG_WARN_OBJC_LITERAL_CONVERSION = YES;
				CLANG_WARN_OBJC_ROOT_CLASS = YES_ERROR;
				CLANG_WARN_QUOTED_INCLUDE_IN_FRAMEWORK_HEADER = YES;
				CLANG_WARN_RANGE_LOOP_ANALYSIS = YES;
				CLANG_WARN_STRICT_PROTOTYPES = YES;
				CLANG_WARN_SUSPICIOUS_MOVE = YES;
				CLANG_WARN_UNGUARDED_AVAILABILITY = YES_AGGRESSIVE;
				CLANG_WARN_UNREACHABLE_CODE = YES;
				CLANG_WARN__DUPLICATE_METHOD_MATCH = YES;
				COPY_PHASE_STRIP = NO;
				DEBUG_INFORMATION_FORMAT = "dwarf-with-dsym";
				ENABLE_NS_ASSERTIONS = NO;
				ENABLE_STRICT_OBJC_MSGSEND = YES;
				GCC_C_LANGUAGE_STANDARD = gnu11;
				GCC_NO_COMMON_BLOCKS = YES;
				GCC_WARN_64_TO_32_BIT_CONVERSION = YES;
				GCC_WARN_ABOUT_RETURN_TYPE = YES_ERROR;
				GCC_WARN_UNDECLARED_SELECTOR = YES;
				GCC_WARN_UNINITIALIZED_AUTOS = YES_AGGRESSIVE;
				GCC_WARN_UNUSED_FUNCTION = YES;
				GCC_WARN_UNUSED_VARIABLE = YES;
				IPHONEOS_DEPLOYMENT_TARGET = 15.0;
				MTL_ENABLE_DEBUG_INFO = NO;
				MTL_FAST_MATH = YES;
				SDKROOT = iphoneos;
				SWIFT_COMPILATION_MODE = wholemodule;
				SWIFT_OPTIMIZATION_LEVEL = "-O";
				VALIDATE_PRODUCT = YES;
			};
			name = Release;
		};
		BFD94606244DC5EC0012785A /* Debug */ = {
			isa = XCBuildConfiguration;
			baseConfigurationReference = FE572FB0BD3520EF3B5E8ECC /* Pods-iOSEngineerCodeCheck.debug.xcconfig */;
			buildSettings = {
				ASSETCATALOG_COMPILER_APPICON_NAME = AppIcon;
				CODE_SIGN_STYLE = Automatic;
				DEVELOPMENT_TEAM = V6B4TS7288;
				INFOPLIST_FILE = iOSEngineerCodeCheck/Info.plist;
				LD_RUNPATH_SEARCH_PATHS = (
					"$(inherited)",
					"@executable_path/Frameworks",
				);
				PRODUCT_BUNDLE_IDENTIFIER = jp.yumemi.iOSEngineerCodeCheck;
				PRODUCT_NAME = "$(TARGET_NAME)";
				SWIFT_VERSION = 5.0;
				TARGETED_DEVICE_FAMILY = "1,2";
			};
			name = Debug;
		};
		BFD94607244DC5EC0012785A /* Release */ = {
			isa = XCBuildConfiguration;
			baseConfigurationReference = A138C0789E0D437580536F4E /* Pods-iOSEngineerCodeCheck.release.xcconfig */;
			buildSettings = {
				ASSETCATALOG_COMPILER_APPICON_NAME = AppIcon;
				CODE_SIGN_STYLE = Automatic;
				DEVELOPMENT_TEAM = V6B4TS7288;
				INFOPLIST_FILE = iOSEngineerCodeCheck/Info.plist;
				LD_RUNPATH_SEARCH_PATHS = (
					"$(inherited)",
					"@executable_path/Frameworks",
				);
				PRODUCT_BUNDLE_IDENTIFIER = jp.yumemi.iOSEngineerCodeCheck;
				PRODUCT_NAME = "$(TARGET_NAME)";
				SWIFT_VERSION = 5.0;
				TARGETED_DEVICE_FAMILY = "1,2";
			};
			name = Release;
		};
		BFD94609244DC5EC0012785A /* Debug */ = {
			isa = XCBuildConfiguration;
			baseConfigurationReference = 94C67CDCE99C4137ADCE508B /* Pods-iOSEngineerCodeCheck-iOSEngineerCodeCheckTests.debug.xcconfig */;
			buildSettings = {
				ALWAYS_EMBED_SWIFT_STANDARD_LIBRARIES = YES;
				BUNDLE_LOADER = "$(TEST_HOST)";
				CODE_SIGN_STYLE = Automatic;
				DEVELOPMENT_TEAM = S7G9J68NLX;
				INFOPLIST_FILE = iOSEngineerCodeCheckTests/Info.plist;
				LD_RUNPATH_SEARCH_PATHS = (
					"$(inherited)",
					"@executable_path/Frameworks",
					"@loader_path/Frameworks",
				);
				PRODUCT_BUNDLE_IDENTIFIER = jp.yumemi.iOSEngineerCodeCheckTests;
				PRODUCT_NAME = "$(TARGET_NAME)";
				SWIFT_VERSION = 5.0;
				TARGETED_DEVICE_FAMILY = "1,2";
				TEST_HOST = "$(BUILT_PRODUCTS_DIR)/iOSEngineerCodeCheck.app/iOSEngineerCodeCheck";
			};
			name = Debug;
		};
		BFD9460A244DC5EC0012785A /* Release */ = {
			isa = XCBuildConfiguration;
			baseConfigurationReference = EDF1B6AE4489F0F4CDBE5A73 /* Pods-iOSEngineerCodeCheck-iOSEngineerCodeCheckTests.release.xcconfig */;
			buildSettings = {
				ALWAYS_EMBED_SWIFT_STANDARD_LIBRARIES = YES;
				BUNDLE_LOADER = "$(TEST_HOST)";
				CODE_SIGN_STYLE = Automatic;
				DEVELOPMENT_TEAM = S7G9J68NLX;
				INFOPLIST_FILE = iOSEngineerCodeCheckTests/Info.plist;
				LD_RUNPATH_SEARCH_PATHS = (
					"$(inherited)",
					"@executable_path/Frameworks",
					"@loader_path/Frameworks",
				);
				PRODUCT_BUNDLE_IDENTIFIER = jp.yumemi.iOSEngineerCodeCheckTests;
				PRODUCT_NAME = "$(TARGET_NAME)";
				SWIFT_VERSION = 5.0;
				TARGETED_DEVICE_FAMILY = "1,2";
				TEST_HOST = "$(BUILT_PRODUCTS_DIR)/iOSEngineerCodeCheck.app/iOSEngineerCodeCheck";
			};
			name = Release;
		};
		BFD9460C244DC5EC0012785A /* Debug */ = {
			isa = XCBuildConfiguration;
			baseConfigurationReference = 58D5159A2E9E8E61331F1AB7 /* Pods-iOSEngineerCodeCheck-iOSEngineerCodeCheckUITests.debug.xcconfig */;
			buildSettings = {
				ALWAYS_EMBED_SWIFT_STANDARD_LIBRARIES = YES;
				CODE_SIGN_STYLE = Automatic;
				DEVELOPMENT_TEAM = S7G9J68NLX;
				INFOPLIST_FILE = iOSEngineerCodeCheckUITests/Info.plist;
				LD_RUNPATH_SEARCH_PATHS = (
					"$(inherited)",
					"@executable_path/Frameworks",
					"@loader_path/Frameworks",
				);
				PRODUCT_BUNDLE_IDENTIFIER = jp.yumemi.iOSEngineerCodeCheckUITests;
				PRODUCT_NAME = "$(TARGET_NAME)";
				SWIFT_VERSION = 5.0;
				TARGETED_DEVICE_FAMILY = "1,2";
				TEST_TARGET_NAME = iOSEngineerCodeCheck;
			};
			name = Debug;
		};
		BFD9460D244DC5EC0012785A /* Release */ = {
			isa = XCBuildConfiguration;
			baseConfigurationReference = 47BADE60441C7E74C2F199A4 /* Pods-iOSEngineerCodeCheck-iOSEngineerCodeCheckUITests.release.xcconfig */;
			buildSettings = {
				ALWAYS_EMBED_SWIFT_STANDARD_LIBRARIES = YES;
				CODE_SIGN_STYLE = Automatic;
				DEVELOPMENT_TEAM = S7G9J68NLX;
				INFOPLIST_FILE = iOSEngineerCodeCheckUITests/Info.plist;
				LD_RUNPATH_SEARCH_PATHS = (
					"$(inherited)",
					"@executable_path/Frameworks",
					"@loader_path/Frameworks",
				);
				PRODUCT_BUNDLE_IDENTIFIER = jp.yumemi.iOSEngineerCodeCheckUITests;
				PRODUCT_NAME = "$(TARGET_NAME)";
				SWIFT_VERSION = 5.0;
				TARGETED_DEVICE_FAMILY = "1,2";
				TEST_TARGET_NAME = iOSEngineerCodeCheck;
			};
			name = Release;
		};
/* End XCBuildConfiguration section */

/* Begin XCConfigurationList section */
		BFD945D6244DC5E80012785A /* Build configuration list for PBXProject "iOSEngineerCodeCheck" */ = {
			isa = XCConfigurationList;
			buildConfigurations = (
				BFD94603244DC5EC0012785A /* Debug */,
				BFD94604244DC5EC0012785A /* Release */,
			);
			defaultConfigurationIsVisible = 0;
			defaultConfigurationName = Release;
		};
		BFD94605244DC5EC0012785A /* Build configuration list for PBXNativeTarget "iOSEngineerCodeCheck" */ = {
			isa = XCConfigurationList;
			buildConfigurations = (
				BFD94606244DC5EC0012785A /* Debug */,
				BFD94607244DC5EC0012785A /* Release */,
			);
			defaultConfigurationIsVisible = 0;
			defaultConfigurationName = Release;
		};
		BFD94608244DC5EC0012785A /* Build configuration list for PBXNativeTarget "iOSEngineerCodeCheckTests" */ = {
			isa = XCConfigurationList;
			buildConfigurations = (
				BFD94609244DC5EC0012785A /* Debug */,
				BFD9460A244DC5EC0012785A /* Release */,
			);
			defaultConfigurationIsVisible = 0;
			defaultConfigurationName = Release;
		};
		BFD9460B244DC5EC0012785A /* Build configuration list for PBXNativeTarget "iOSEngineerCodeCheckUITests" */ = {
			isa = XCConfigurationList;
			buildConfigurations = (
				BFD9460C244DC5EC0012785A /* Debug */,
				BFD9460D244DC5EC0012785A /* Release */,
			);
			defaultConfigurationIsVisible = 0;
			defaultConfigurationName = Release;
		};
/* End XCConfigurationList section */
	};
	rootObject = BFD945D3244DC5E80012785A /* Project object */;
}
